// !$*UTF8*$!
{
	archiveVersion = 1;
	classes = {
	};
	objectVersion = 46;
	objects = {

/* Begin PBXBuildFile section */
		432FF1B11CBA486E00F08D7D /* VerifyPhoneViewController.swift in Sources */ = {isa = PBXBuildFile; fileRef = 432FF1B01CBA486E00F08D7D /* VerifyPhoneViewController.swift */; };
		432FF1B31CBA48FE00F08D7D /* PostVerificationCode.swift in Sources */ = {isa = PBXBuildFile; fileRef = 432FF1B21CBA48FE00F08D7D /* PostVerificationCode.swift */; };
		432FF1B51CBA496500F08D7D /* User.swift in Sources */ = {isa = PBXBuildFile; fileRef = 432FF1B41CBA496500F08D7D /* User.swift */; };
		43826BD21CB9794700D3B1FC /* PostNewReminder.swift in Sources */ = {isa = PBXBuildFile; fileRef = 43826BD11CB9794700D3B1FC /* PostNewReminder.swift */; };
		4384ED3B1CB8E00C002BF4E6 /* AppDelegate.swift in Sources */ = {isa = PBXBuildFile; fileRef = 4384ED3A1CB8E00C002BF4E6 /* AppDelegate.swift */; };
		4384ED3D1CB8E00C002BF4E6 /* NavigationController.swift in Sources */ = {isa = PBXBuildFile; fileRef = 4384ED3C1CB8E00C002BF4E6 /* NavigationController.swift */; };
		4384ED401CB8E00C002BF4E6 /* Main.storyboard in Resources */ = {isa = PBXBuildFile; fileRef = 4384ED3E1CB8E00C002BF4E6 /* Main.storyboard */; };
		4384ED451CB8E00C002BF4E6 /* LaunchScreen.storyboard in Resources */ = {isa = PBXBuildFile; fileRef = 4384ED431CB8E00C002BF4E6 /* LaunchScreen.storyboard */; };
		4384ED5B1CB8F69A002BF4E6 /* AlegreyaSansSC-Black.ttf in Resources */ = {isa = PBXBuildFile; fileRef = 4384ED4D1CB8F69A002BF4E6 /* AlegreyaSansSC-Black.ttf */; };
		4384ED5C1CB8F69A002BF4E6 /* AlegreyaSansSC-BlackItalic.ttf in Resources */ = {isa = PBXBuildFile; fileRef = 4384ED4E1CB8F69A002BF4E6 /* AlegreyaSansSC-BlackItalic.ttf */; };
		4384ED5D1CB8F69A002BF4E6 /* AlegreyaSansSC-Bold.ttf in Resources */ = {isa = PBXBuildFile; fileRef = 4384ED4F1CB8F69A002BF4E6 /* AlegreyaSansSC-Bold.ttf */; };
		4384ED5E1CB8F69A002BF4E6 /* AlegreyaSansSC-BoldItalic.ttf in Resources */ = {isa = PBXBuildFile; fileRef = 4384ED501CB8F69A002BF4E6 /* AlegreyaSansSC-BoldItalic.ttf */; };
		4384ED5F1CB8F69A002BF4E6 /* AlegreyaSansSC-ExtraBold.ttf in Resources */ = {isa = PBXBuildFile; fileRef = 4384ED511CB8F69A002BF4E6 /* AlegreyaSansSC-ExtraBold.ttf */; };
		4384ED601CB8F69A002BF4E6 /* AlegreyaSansSC-ExtraBoldItalic.ttf in Resources */ = {isa = PBXBuildFile; fileRef = 4384ED521CB8F69A002BF4E6 /* AlegreyaSansSC-ExtraBoldItalic.ttf */; };
		4384ED611CB8F69A002BF4E6 /* AlegreyaSansSC-Italic.ttf in Resources */ = {isa = PBXBuildFile; fileRef = 4384ED531CB8F69A002BF4E6 /* AlegreyaSansSC-Italic.ttf */; };
		4384ED621CB8F69A002BF4E6 /* AlegreyaSansSC-Light.ttf in Resources */ = {isa = PBXBuildFile; fileRef = 4384ED541CB8F69A002BF4E6 /* AlegreyaSansSC-Light.ttf */; };
		4384ED631CB8F69A002BF4E6 /* AlegreyaSansSC-LightItalic.ttf in Resources */ = {isa = PBXBuildFile; fileRef = 4384ED551CB8F69A002BF4E6 /* AlegreyaSansSC-LightItalic.ttf */; };
		4384ED641CB8F69A002BF4E6 /* AlegreyaSansSC-Medium.ttf in Resources */ = {isa = PBXBuildFile; fileRef = 4384ED561CB8F69A002BF4E6 /* AlegreyaSansSC-Medium.ttf */; };
		4384ED651CB8F69A002BF4E6 /* AlegreyaSansSC-MediumItalic.ttf in Resources */ = {isa = PBXBuildFile; fileRef = 4384ED571CB8F69A002BF4E6 /* AlegreyaSansSC-MediumItalic.ttf */; };
		4384ED661CB8F69A002BF4E6 /* AlegreyaSansSC-Regular.ttf in Resources */ = {isa = PBXBuildFile; fileRef = 4384ED581CB8F69A002BF4E6 /* AlegreyaSansSC-Regular.ttf */; };
		4384ED671CB8F69A002BF4E6 /* AlegreyaSansSC-Thin.ttf in Resources */ = {isa = PBXBuildFile; fileRef = 4384ED591CB8F69A002BF4E6 /* AlegreyaSansSC-Thin.ttf */; };
		4384ED681CB8F69A002BF4E6 /* AlegreyaSansSC-ThinItalic.ttf in Resources */ = {isa = PBXBuildFile; fileRef = 4384ED5A1CB8F69A002BF4E6 /* AlegreyaSansSC-ThinItalic.ttf */; };
		4384ED6A1CB8F864002BF4E6 /* Assets.xcassets in Resources */ = {isa = PBXBuildFile; fileRef = 4384ED691CB8F864002BF4E6 /* Assets.xcassets */; };
		4384ED6C1CB8FA53002BF4E6 /* AuthPhoneViewController.swift in Sources */ = {isa = PBXBuildFile; fileRef = 4384ED6B1CB8FA53002BF4E6 /* AuthPhoneViewController.swift */; };
		4384ED6F1CB8FC43002BF4E6 /* UserStore.swift in Sources */ = {isa = PBXBuildFile; fileRef = 4384ED6E1CB8FC43002BF4E6 /* UserStore.swift */; };
		4384ED711CB8FF86002BF4E6 /* UIView (Shake).swift in Sources */ = {isa = PBXBuildFile; fileRef = 4384ED701CB8FF86002BF4E6 /* UIView (Shake).swift */; };
		4384ED751CB90288002BF4E6 /* AddContactViewController.swift in Sources */ = {isa = PBXBuildFile; fileRef = 4384ED741CB90288002BF4E6 /* AddContactViewController.swift */; };
		4384ED771CB91FF3002BF4E6 /* TodosViewController.swift in Sources */ = {isa = PBXBuildFile; fileRef = 4384ED761CB91FF3002BF4E6 /* TodosViewController.swift */; };
		4384ED7A1CB921DF002BF4E6 /* Todo.swift in Sources */ = {isa = PBXBuildFile; fileRef = 4384ED791CB921DF002BF4E6 /* Todo.swift */; };
		4384ED7D1CB92315002BF4E6 /* TodoTableViewCell.swift in Sources */ = {isa = PBXBuildFile; fileRef = 4384ED7C1CB92315002BF4E6 /* TodoTableViewCell.swift */; };
		4384ED7F1CB92F30002BF4E6 /* AddReminderViewController.swift in Sources */ = {isa = PBXBuildFile; fileRef = 4384ED7E1CB92F30002BF4E6 /* AddReminderViewController.swift */; };
		4384ED811CB93AB9002BF4E6 /* PostAuthPhone.swift in Sources */ = {isa = PBXBuildFile; fileRef = 4384ED801CB93AB9002BF4E6 /* PostAuthPhone.swift */; };
		43E215A51CB9498100CBCC8A /* GetReminders.swift in Sources */ = {isa = PBXBuildFile; fileRef = 43E215A41CB9498100CBCC8A /* GetReminders.swift */; };
		6938A43DABE011E4D0893998 /* Pods.framework in Frameworks */ = {isa = PBXBuildFile; fileRef = CAE07F48506172C795FF3234 /* Pods.framework */; };
/* End PBXBuildFile section */

/* Begin PBXFileReference section */
		432FF1B01CBA486E00F08D7D /* VerifyPhoneViewController.swift */ = {isa = PBXFileReference; fileEncoding = 4; lastKnownFileType = sourcecode.swift; path = VerifyPhoneViewController.swift; sourceTree = "<group>"; };
		432FF1B21CBA48FE00F08D7D /* PostVerificationCode.swift */ = {isa = PBXFileReference; fileEncoding = 4; lastKnownFileType = sourcecode.swift; path = PostVerificationCode.swift; sourceTree = "<group>"; };
		432FF1B41CBA496500F08D7D /* User.swift */ = {isa = PBXFileReference; fileEncoding = 4; lastKnownFileType = sourcecode.swift; path = User.swift; sourceTree = "<group>"; };
		43826BD11CB9794700D3B1FC /* PostNewReminder.swift */ = {isa = PBXFileReference; fileEncoding = 4; lastKnownFileType = sourcecode.swift; path = PostNewReminder.swift; sourceTree = "<group>"; };
		4384ED371CB8E00C002BF4E6 /* Screaminder.app */ = {isa = PBXFileReference; explicitFileType = wrapper.application; includeInIndex = 0; path = Screaminder.app; sourceTree = BUILT_PRODUCTS_DIR; };
		4384ED3A1CB8E00C002BF4E6 /* AppDelegate.swift */ = {isa = PBXFileReference; lastKnownFileType = sourcecode.swift; path = AppDelegate.swift; sourceTree = "<group>"; };
		4384ED3C1CB8E00C002BF4E6 /* NavigationController.swift */ = {isa = PBXFileReference; lastKnownFileType = sourcecode.swift; path = NavigationController.swift; sourceTree = "<group>"; };
		4384ED3F1CB8E00C002BF4E6 /* Base */ = {isa = PBXFileReference; lastKnownFileType = file.storyboard; name = Base; path = Base.lproj/Main.storyboard; sourceTree = "<group>"; };
		4384ED441CB8E00C002BF4E6 /* Base */ = {isa = PBXFileReference; lastKnownFileType = file.storyboard; name = Base; path = Base.lproj/LaunchScreen.storyboard; sourceTree = "<group>"; };
		4384ED461CB8E00C002BF4E6 /* Info.plist */ = {isa = PBXFileReference; lastKnownFileType = text.plist.xml; path = Info.plist; sourceTree = "<group>"; };
		4384ED4D1CB8F69A002BF4E6 /* AlegreyaSansSC-Black.ttf */ = {isa = PBXFileReference; lastKnownFileType = file; path = "AlegreyaSansSC-Black.ttf"; sourceTree = "<group>"; };
		4384ED4E1CB8F69A002BF4E6 /* AlegreyaSansSC-BlackItalic.ttf */ = {isa = PBXFileReference; lastKnownFileType = file; path = "AlegreyaSansSC-BlackItalic.ttf"; sourceTree = "<group>"; };
		4384ED4F1CB8F69A002BF4E6 /* AlegreyaSansSC-Bold.ttf */ = {isa = PBXFileReference; lastKnownFileType = file; path = "AlegreyaSansSC-Bold.ttf"; sourceTree = "<group>"; };
		4384ED501CB8F69A002BF4E6 /* AlegreyaSansSC-BoldItalic.ttf */ = {isa = PBXFileReference; lastKnownFileType = file; path = "AlegreyaSansSC-BoldItalic.ttf"; sourceTree = "<group>"; };
		4384ED511CB8F69A002BF4E6 /* AlegreyaSansSC-ExtraBold.ttf */ = {isa = PBXFileReference; lastKnownFileType = file; path = "AlegreyaSansSC-ExtraBold.ttf"; sourceTree = "<group>"; };
		4384ED521CB8F69A002BF4E6 /* AlegreyaSansSC-ExtraBoldItalic.ttf */ = {isa = PBXFileReference; lastKnownFileType = file; path = "AlegreyaSansSC-ExtraBoldItalic.ttf"; sourceTree = "<group>"; };
		4384ED531CB8F69A002BF4E6 /* AlegreyaSansSC-Italic.ttf */ = {isa = PBXFileReference; lastKnownFileType = file; path = "AlegreyaSansSC-Italic.ttf"; sourceTree = "<group>"; };
		4384ED541CB8F69A002BF4E6 /* AlegreyaSansSC-Light.ttf */ = {isa = PBXFileReference; lastKnownFileType = file; path = "AlegreyaSansSC-Light.ttf"; sourceTree = "<group>"; };
		4384ED551CB8F69A002BF4E6 /* AlegreyaSansSC-LightItalic.ttf */ = {isa = PBXFileReference; lastKnownFileType = file; path = "AlegreyaSansSC-LightItalic.ttf"; sourceTree = "<group>"; };
		4384ED561CB8F69A002BF4E6 /* AlegreyaSansSC-Medium.ttf */ = {isa = PBXFileReference; lastKnownFileType = file; path = "AlegreyaSansSC-Medium.ttf"; sourceTree = "<group>"; };
		4384ED571CB8F69A002BF4E6 /* AlegreyaSansSC-MediumItalic.ttf */ = {isa = PBXFileReference; lastKnownFileType = file; path = "AlegreyaSansSC-MediumItalic.ttf"; sourceTree = "<group>"; };
		4384ED581CB8F69A002BF4E6 /* AlegreyaSansSC-Regular.ttf */ = {isa = PBXFileReference; lastKnownFileType = file; path = "AlegreyaSansSC-Regular.ttf"; sourceTree = "<group>"; };
		4384ED591CB8F69A002BF4E6 /* AlegreyaSansSC-Thin.ttf */ = {isa = PBXFileReference; lastKnownFileType = file; path = "AlegreyaSansSC-Thin.ttf"; sourceTree = "<group>"; };
		4384ED5A1CB8F69A002BF4E6 /* AlegreyaSansSC-ThinItalic.ttf */ = {isa = PBXFileReference; lastKnownFileType = file; path = "AlegreyaSansSC-ThinItalic.ttf"; sourceTree = "<group>"; };
		4384ED691CB8F864002BF4E6 /* Assets.xcassets */ = {isa = PBXFileReference; lastKnownFileType = folder.assetcatalog; path = Assets.xcassets; sourceTree = "<group>"; };
		4384ED6B1CB8FA53002BF4E6 /* AuthPhoneViewController.swift */ = {isa = PBXFileReference; fileEncoding = 4; lastKnownFileType = sourcecode.swift; path = AuthPhoneViewController.swift; sourceTree = "<group>"; };
		4384ED6E1CB8FC43002BF4E6 /* UserStore.swift */ = {isa = PBXFileReference; fileEncoding = 4; lastKnownFileType = sourcecode.swift; path = UserStore.swift; sourceTree = "<group>"; };
		4384ED701CB8FF86002BF4E6 /* UIView (Shake).swift */ = {isa = PBXFileReference; fileEncoding = 4; lastKnownFileType = sourcecode.swift; path = "UIView (Shake).swift"; sourceTree = "<group>"; };
		4384ED741CB90288002BF4E6 /* AddContactViewController.swift */ = {isa = PBXFileReference; fileEncoding = 4; lastKnownFileType = sourcecode.swift; path = AddContactViewController.swift; sourceTree = "<group>"; };
		4384ED761CB91FF3002BF4E6 /* TodosViewController.swift */ = {isa = PBXFileReference; fileEncoding = 4; lastKnownFileType = sourcecode.swift; path = TodosViewController.swift; sourceTree = "<group>"; };
		4384ED791CB921DF002BF4E6 /* Todo.swift */ = {isa = PBXFileReference; fileEncoding = 4; lastKnownFileType = sourcecode.swift; path = Todo.swift; sourceTree = "<group>"; };
		4384ED7C1CB92315002BF4E6 /* TodoTableViewCell.swift */ = {isa = PBXFileReference; fileEncoding = 4; lastKnownFileType = sourcecode.swift; path = TodoTableViewCell.swift; sourceTree = "<group>"; };
		4384ED7E1CB92F30002BF4E6 /* AddReminderViewController.swift */ = {isa = PBXFileReference; fileEncoding = 4; lastKnownFileType = sourcecode.swift; path = AddReminderViewController.swift; sourceTree = "<group>"; };
		4384ED801CB93AB9002BF4E6 /* PostAuthPhone.swift */ = {isa = PBXFileReference; fileEncoding = 4; lastKnownFileType = sourcecode.swift; path = PostAuthPhone.swift; sourceTree = "<group>"; };
		4384ED821CB93B1F002BF4E6 /* Bridging-Header.h */ = {isa = PBXFileReference; lastKnownFileType = sourcecode.c.h; name = "Bridging-Header.h"; path = "../Bridging-Header.h"; sourceTree = "<group>"; };
		43E215A41CB9498100CBCC8A /* GetReminders.swift */ = {isa = PBXFileReference; fileEncoding = 4; lastKnownFileType = sourcecode.swift; path = GetReminders.swift; sourceTree = "<group>"; };
		CAE07F48506172C795FF3234 /* Pods.framework */ = {isa = PBXFileReference; explicitFileType = wrapper.framework; includeInIndex = 0; path = Pods.framework; sourceTree = BUILT_PRODUCTS_DIR; };
		D6B32835CB891DF395B48DDE /* Pods.release.xcconfig */ = {isa = PBXFileReference; includeInIndex = 1; lastKnownFileType = text.xcconfig; name = Pods.release.xcconfig; path = "Pods/Target Support Files/Pods/Pods.release.xcconfig"; sourceTree = "<group>"; };
		EC6D520A04517972FA91EAA3 /* Pods.debug.xcconfig */ = {isa = PBXFileReference; includeInIndex = 1; lastKnownFileType = text.xcconfig; name = Pods.debug.xcconfig; path = "Pods/Target Support Files/Pods/Pods.debug.xcconfig"; sourceTree = "<group>"; };
/* End PBXFileReference section */

/* Begin PBXFrameworksBuildPhase section */
		4384ED341CB8E00C002BF4E6 /* Frameworks */ = {
			isa = PBXFrameworksBuildPhase;
			buildActionMask = 2147483647;
			files = (
				6938A43DABE011E4D0893998 /* Pods.framework in Frameworks */,
			);
			runOnlyForDeploymentPostprocessing = 0;
		};
/* End PBXFrameworksBuildPhase section */

/* Begin PBXGroup section */
		4384ED2E1CB8E00C002BF4E6 = {
			isa = PBXGroup;
			children = (
				4384ED391CB8E00C002BF4E6 /* Screaminder */,
				4384ED381CB8E00C002BF4E6 /* Products */,
				ED5BEB9C246C29B710B86E56 /* Pods */,
				A8250ADDFF7A742880B67F08 /* Frameworks */,
			);
			sourceTree = "<group>";
		};
		4384ED381CB8E00C002BF4E6 /* Products */ = {
			isa = PBXGroup;
			children = (
				4384ED371CB8E00C002BF4E6 /* Screaminder.app */,
			);
			name = Products;
			sourceTree = "<group>";
		};
		4384ED391CB8E00C002BF4E6 /* Screaminder */ = {
			isa = PBXGroup;
			children = (
				4384ED781CB921D4002BF4E6 /* Models */,
				4384ED3A1CB8E00C002BF4E6 /* AppDelegate.swift */,
				4384ED3C1CB8E00C002BF4E6 /* NavigationController.swift */,
				4384ED6B1CB8FA53002BF4E6 /* AuthPhoneViewController.swift */,
				432FF1B01CBA486E00F08D7D /* VerifyPhoneViewController.swift */,
				4384ED741CB90288002BF4E6 /* AddContactViewController.swift */,
				4384ED761CB91FF3002BF4E6 /* TodosViewController.swift */,
				4384ED7E1CB92F30002BF4E6 /* AddReminderViewController.swift */,
				4384ED7B1CB92302002BF4E6 /* Cells */,
				4384ED731CB90069002BF4E6 /* ApiClient */,
				4384ED6D1CB8FC18002BF4E6 /* Storage */,
				4384ED721CB8FF8B002BF4E6 /* Extensions */,
				4384ED3E1CB8E00C002BF4E6 /* Main.storyboard */,
				4384ED431CB8E00C002BF4E6 /* LaunchScreen.storyboard */,
				4384ED691CB8F864002BF4E6 /* Assets.xcassets */,
				4384ED461CB8E00C002BF4E6 /* Info.plist */,
				4384ED821CB93B1F002BF4E6 /* Bridging-Header.h */,
				4384ED4C1CB8F609002BF4E6 /* Fonts */,
			);
			path = Screaminder;
			sourceTree = "<group>";
		};
		4384ED4C1CB8F609002BF4E6 /* Fonts */ = {
			isa = PBXGroup;
			children = (
				4384ED4D1CB8F69A002BF4E6 /* AlegreyaSansSC-Black.ttf */,
				4384ED4E1CB8F69A002BF4E6 /* AlegreyaSansSC-BlackItalic.ttf */,
				4384ED4F1CB8F69A002BF4E6 /* AlegreyaSansSC-Bold.ttf */,
				4384ED501CB8F69A002BF4E6 /* AlegreyaSansSC-BoldItalic.ttf */,
				4384ED511CB8F69A002BF4E6 /* AlegreyaSansSC-ExtraBold.ttf */,
				4384ED521CB8F69A002BF4E6 /* AlegreyaSansSC-ExtraBoldItalic.ttf */,
				4384ED531CB8F69A002BF4E6 /* AlegreyaSansSC-Italic.ttf */,
				4384ED541CB8F69A002BF4E6 /* AlegreyaSansSC-Light.ttf */,
				4384ED551CB8F69A002BF4E6 /* AlegreyaSansSC-LightItalic.ttf */,
				4384ED561CB8F69A002BF4E6 /* AlegreyaSansSC-Medium.ttf */,
				4384ED571CB8F69A002BF4E6 /* AlegreyaSansSC-MediumItalic.ttf */,
				4384ED581CB8F69A002BF4E6 /* AlegreyaSansSC-Regular.ttf */,
				4384ED591CB8F69A002BF4E6 /* AlegreyaSansSC-Thin.ttf */,
				4384ED5A1CB8F69A002BF4E6 /* AlegreyaSansSC-ThinItalic.ttf */,
			);
			name = Fonts;
			sourceTree = "<group>";
		};
		4384ED6D1CB8FC18002BF4E6 /* Storage */ = {
			isa = PBXGroup;
			children = (
				4384ED6E1CB8FC43002BF4E6 /* UserStore.swift */,
			);
			name = Storage;
			sourceTree = "<group>";
		};
		4384ED721CB8FF8B002BF4E6 /* Extensions */ = {
			isa = PBXGroup;
			children = (
				4384ED701CB8FF86002BF4E6 /* UIView (Shake).swift */,
			);
			name = Extensions;
			sourceTree = "<group>";
		};
		4384ED731CB90069002BF4E6 /* ApiClient */ = {
			isa = PBXGroup;
			children = (
				4384ED801CB93AB9002BF4E6 /* PostAuthPhone.swift */,
				432FF1B21CBA48FE00F08D7D /* PostVerificationCode.swift */,
				43E215A41CB9498100CBCC8A /* GetReminders.swift */,
				43826BD11CB9794700D3B1FC /* PostNewReminder.swift */,
			);
			name = ApiClient;
			sourceTree = "<group>";
		};
		4384ED781CB921D4002BF4E6 /* Models */ = {
			isa = PBXGroup;
			children = (
				4384ED791CB921DF002BF4E6 /* Todo.swift */,
				432FF1B41CBA496500F08D7D /* User.swift */,
			);
			name = Models;
			sourceTree = "<group>";
		};
		4384ED7B1CB92302002BF4E6 /* Cells */ = {
			isa = PBXGroup;
			children = (
				4384ED7C1CB92315002BF4E6 /* TodoTableViewCell.swift */,
			);
			name = Cells;
			sourceTree = "<group>";
		};
		A8250ADDFF7A742880B67F08 /* Frameworks */ = {
			isa = PBXGroup;
			children = (
				CAE07F48506172C795FF3234 /* Pods.framework */,
			);
			name = Frameworks;
			sourceTree = "<group>";
		};
		ED5BEB9C246C29B710B86E56 /* Pods */ = {
			isa = PBXGroup;
			children = (
				EC6D520A04517972FA91EAA3 /* Pods.debug.xcconfig */,
				D6B32835CB891DF395B48DDE /* Pods.release.xcconfig */,
			);
			name = Pods;
			sourceTree = "<group>";
		};
/* End PBXGroup section */

/* Begin PBXNativeTarget section */
		4384ED361CB8E00C002BF4E6 /* Screaminder */ = {
			isa = PBXNativeTarget;
			buildConfigurationList = 4384ED491CB8E00C002BF4E6 /* Build configuration list for PBXNativeTarget "Screaminder" */;
			buildPhases = (
				067C6E689B934BB1AC63F6A2 /* Check Pods Manifest.lock */,
				4384ED331CB8E00C002BF4E6 /* Sources */,
				4384ED341CB8E00C002BF4E6 /* Frameworks */,
				4384ED351CB8E00C002BF4E6 /* Resources */,
				28F573CBB3AD0E991A4E8F31 /* Embed Pods Frameworks */,
				F755AD1A91CC2DBCFB8618A4 /* Copy Pods Resources */,
				432FF1AF1CBA430E00F08D7D /* ShellScript */,
			);
			buildRules = (
			);
			dependencies = (
			);
			name = Screaminder;
			productName = Screaminder;
			productReference = 4384ED371CB8E00C002BF4E6 /* Screaminder.app */;
			productType = "com.apple.product-type.application";
		};
/* End PBXNativeTarget section */

/* Begin PBXProject section */
		4384ED2F1CB8E00C002BF4E6 /* Project object */ = {
			isa = PBXProject;
			attributes = {
				LastSwiftUpdateCheck = 0730;
				LastUpgradeCheck = 0730;
				ORGANIZATIONNAME = Screaminder;
				TargetAttributes = {
					4384ED361CB8E00C002BF4E6 = {
						CreatedOnToolsVersion = 7.3;
					};
				};
			};
			buildConfigurationList = 4384ED321CB8E00C002BF4E6 /* Build configuration list for PBXProject "Screaminder" */;
			compatibilityVersion = "Xcode 3.2";
			developmentRegion = English;
			hasScannedForEncodings = 0;
			knownRegions = (
				en,
				Base,
			);
			mainGroup = 4384ED2E1CB8E00C002BF4E6;
			productRefGroup = 4384ED381CB8E00C002BF4E6 /* Products */;
			projectDirPath = "";
			projectRoot = "";
			targets = (
				4384ED361CB8E00C002BF4E6 /* Screaminder */,
			);
		};
/* End PBXProject section */

/* Begin PBXResourcesBuildPhase section */
		4384ED351CB8E00C002BF4E6 /* Resources */ = {
			isa = PBXResourcesBuildPhase;
			buildActionMask = 2147483647;
			files = (
				4384ED5E1CB8F69A002BF4E6 /* AlegreyaSansSC-BoldItalic.ttf in Resources */,
				4384ED451CB8E00C002BF4E6 /* LaunchScreen.storyboard in Resources */,
				4384ED661CB8F69A002BF4E6 /* AlegreyaSansSC-Regular.ttf in Resources */,
				4384ED5C1CB8F69A002BF4E6 /* AlegreyaSansSC-BlackItalic.ttf in Resources */,
				4384ED641CB8F69A002BF4E6 /* AlegreyaSansSC-Medium.ttf in Resources */,
				4384ED621CB8F69A002BF4E6 /* AlegreyaSansSC-Light.ttf in Resources */,
				4384ED6A1CB8F864002BF4E6 /* Assets.xcassets in Resources */,
				4384ED401CB8E00C002BF4E6 /* Main.storyboard in Resources */,
				4384ED681CB8F69A002BF4E6 /* AlegreyaSansSC-ThinItalic.ttf in Resources */,
				4384ED671CB8F69A002BF4E6 /* AlegreyaSansSC-Thin.ttf in Resources */,
				4384ED611CB8F69A002BF4E6 /* AlegreyaSansSC-Italic.ttf in Resources */,
				4384ED601CB8F69A002BF4E6 /* AlegreyaSansSC-ExtraBoldItalic.ttf in Resources */,
				4384ED5D1CB8F69A002BF4E6 /* AlegreyaSansSC-Bold.ttf in Resources */,
				4384ED5B1CB8F69A002BF4E6 /* AlegreyaSansSC-Black.ttf in Resources */,
				4384ED631CB8F69A002BF4E6 /* AlegreyaSansSC-LightItalic.ttf in Resources */,
				4384ED651CB8F69A002BF4E6 /* AlegreyaSansSC-MediumItalic.ttf in Resources */,
				4384ED5F1CB8F69A002BF4E6 /* AlegreyaSansSC-ExtraBold.ttf in Resources */,
			);
			runOnlyForDeploymentPostprocessing = 0;
		};
/* End PBXResourcesBuildPhase section */

/* Begin PBXShellScriptBuildPhase section */
		067C6E689B934BB1AC63F6A2 /* Check Pods Manifest.lock */ = {
			isa = PBXShellScriptBuildPhase;
			buildActionMask = 2147483647;
			files = (
			);
			inputPaths = (
			);
			name = "Check Pods Manifest.lock";
			outputPaths = (
			);
			runOnlyForDeploymentPostprocessing = 0;
			shellPath = /bin/sh;
			shellScript = "diff \"${PODS_ROOT}/../Podfile.lock\" \"${PODS_ROOT}/Manifest.lock\" > /dev/null\nif [[ $? != 0 ]] ; then\n    cat << EOM\nerror: The sandbox is not in sync with the Podfile.lock. Run 'pod install' or update your CocoaPods installation.\nEOM\n    exit 1\nfi\n";
			showEnvVarsInLog = 0;
		};
		28F573CBB3AD0E991A4E8F31 /* Embed Pods Frameworks */ = {
			isa = PBXShellScriptBuildPhase;
			buildActionMask = 2147483647;
			files = (
			);
			inputPaths = (
			);
			name = "Embed Pods Frameworks";
			outputPaths = (
			);
			runOnlyForDeploymentPostprocessing = 0;
			shellPath = /bin/sh;
			shellScript = "\"${SRCROOT}/Pods/Target Support Files/Pods/Pods-frameworks.sh\"\n";
			showEnvVarsInLog = 0;
		};
		432FF1AF1CBA430E00F08D7D /* ShellScript */ = {
			isa = PBXShellScriptBuildPhase;
			buildActionMask = 2147483647;
			files = (
			);
			inputPaths = (
			);
			outputPaths = (
			);
			runOnlyForDeploymentPostprocessing = 0;
			shellPath = /bin/sh;
			shellScript = "\"${PODS_ROOT}/Fabric/run\" ba06af5523f20047db36765c6a0d2b573d5ddf67 b280942158796087ede0e248bf055d459246fddd1839287d72aa4ad79d34b426";
		};
		F755AD1A91CC2DBCFB8618A4 /* Copy Pods Resources */ = {
			isa = PBXShellScriptBuildPhase;
			buildActionMask = 2147483647;
			files = (
			);
			inputPaths = (
			);
			name = "Copy Pods Resources";
			outputPaths = (
			);
			runOnlyForDeploymentPostprocessing = 0;
			shellPath = /bin/sh;
			shellScript = "\"${SRCROOT}/Pods/Target Support Files/Pods/Pods-resources.sh\"\n";
			showEnvVarsInLog = 0;
		};
/* End PBXShellScriptBuildPhase section */

/* Begin PBXSourcesBuildPhase section */
		4384ED331CB8E00C002BF4E6 /* Sources */ = {
			isa = PBXSourcesBuildPhase;
			buildActionMask = 2147483647;
			files = (
				4384ED7F1CB92F30002BF4E6 /* AddReminderViewController.swift in Sources */,
				4384ED811CB93AB9002BF4E6 /* PostAuthPhone.swift in Sources */,
				4384ED711CB8FF86002BF4E6 /* UIView (Shake).swift in Sources */,
				4384ED3D1CB8E00C002BF4E6 /* NavigationController.swift in Sources */,
				432FF1B51CBA496500F08D7D /* User.swift in Sources */,
				4384ED771CB91FF3002BF4E6 /* TodosViewController.swift in Sources */,
				4384ED7D1CB92315002BF4E6 /* TodoTableViewCell.swift in Sources */,
				432FF1B11CBA486E00F08D7D /* VerifyPhoneViewController.swift in Sources */,
				4384ED7A1CB921DF002BF4E6 /* Todo.swift in Sources */,
				4384ED6F1CB8FC43002BF4E6 /* UserStore.swift in Sources */,
				4384ED751CB90288002BF4E6 /* AddContactViewController.swift in Sources */,
				4384ED6C1CB8FA53002BF4E6 /* AuthPhoneViewController.swift in Sources */,
				43E215A51CB9498100CBCC8A /* GetReminders.swift in Sources */,
				43826BD21CB9794700D3B1FC /* PostNewReminder.swift in Sources */,
				432FF1B31CBA48FE00F08D7D /* PostVerificationCode.swift in Sources */,
				4384ED3B1CB8E00C002BF4E6 /* AppDelegate.swift in Sources */,
			);
			runOnlyForDeploymentPostprocessing = 0;
		};
/* End PBXSourcesBuildPhase section */

/* Begin PBXVariantGroup section */
		4384ED3E1CB8E00C002BF4E6 /* Main.storyboard */ = {
			isa = PBXVariantGroup;
			children = (
				4384ED3F1CB8E00C002BF4E6 /* Base */,
			);
			name = Main.storyboard;
			sourceTree = "<group>";
		};
		4384ED431CB8E00C002BF4E6 /* LaunchScreen.storyboard */ = {
			isa = PBXVariantGroup;
			children = (
				4384ED441CB8E00C002BF4E6 /* Base */,
			);
			name = LaunchScreen.storyboard;
			sourceTree = "<group>";
		};
/* End PBXVariantGroup section */

/* Begin XCBuildConfiguration section */
		4384ED471CB8E00C002BF4E6 /* Debug */ = {
			isa = XCBuildConfiguration;
			buildSettings = {
				ALWAYS_SEARCH_USER_PATHS = NO;
				CLANG_ANALYZER_NONNULL = YES;
				CLANG_CXX_LANGUAGE_STANDARD = "gnu++0x";
				CLANG_CXX_LIBRARY = "libc++";
				CLANG_ENABLE_MODULES = YES;
				CLANG_ENABLE_OBJC_ARC = YES;
				CLANG_WARN_BOOL_CONVERSION = YES;
				CLANG_WARN_CONSTANT_CONVERSION = YES;
				CLANG_WARN_DIRECT_OBJC_ISA_USAGE = YES_ERROR;
				CLANG_WARN_EMPTY_BODY = YES;
				CLANG_WARN_ENUM_CONVERSION = YES;
				CLANG_WARN_INT_CONVERSION = YES;
				CLANG_WARN_OBJC_ROOT_CLASS = YES_ERROR;
				CLANG_WARN_UNREACHABLE_CODE = YES;
				CLANG_WARN__DUPLICATE_METHOD_MATCH = YES;
				"CODE_SIGN_IDENTITY[sdk=iphoneos*]" = "iPhone Developer";
				COPY_PHASE_STRIP = NO;
				DEBUG_INFORMATION_FORMAT = dwarf;
				ENABLE_STRICT_OBJC_MSGSEND = YES;
				ENABLE_TESTABILITY = YES;
				GCC_C_LANGUAGE_STANDARD = gnu99;
				GCC_DYNAMIC_NO_PIC = NO;
				GCC_NO_COMMON_BLOCKS = YES;
				GCC_OPTIMIZATION_LEVEL = 0;
				GCC_PREPROCESSOR_DEFINITIONS = (
					"DEBUG=1",
					"$(inherited)",
				);
				GCC_WARN_64_TO_32_BIT_CONVERSION = YES;
				GCC_WARN_ABOUT_RETURN_TYPE = YES_ERROR;
				GCC_WARN_UNDECLARED_SELECTOR = YES;
				GCC_WARN_UNINITIALIZED_AUTOS = YES_AGGRESSIVE;
				GCC_WARN_UNUSED_FUNCTION = YES;
				GCC_WARN_UNUSED_VARIABLE = YES;
				IPHONEOS_DEPLOYMENT_TARGET = 9.3;
				MTL_ENABLE_DEBUG_INFO = YES;
				ONLY_ACTIVE_ARCH = YES;
				SDKROOT = iphoneos;
				SWIFT_OPTIMIZATION_LEVEL = "-Onone";
			};
			name = Debug;
		};
		4384ED481CB8E00C002BF4E6 /* Release */ = {
			isa = XCBuildConfiguration;
			buildSettings = {
				ALWAYS_SEARCH_USER_PATHS = NO;
				CLANG_ANALYZER_NONNULL = YES;
				CLANG_CXX_LANGUAGE_STANDARD = "gnu++0x";
				CLANG_CXX_LIBRARY = "libc++";
				CLANG_ENABLE_MODULES = YES;
				CLANG_ENABLE_OBJC_ARC = YES;
				CLANG_WARN_BOOL_CONVERSION = YES;
				CLANG_WARN_CONSTANT_CONVERSION = YES;
				CLANG_WARN_DIRECT_OBJC_ISA_USAGE = YES_ERROR;
				CLANG_WARN_EMPTY_BODY = YES;
				CLANG_WARN_ENUM_CONVERSION = YES;
				CLANG_WARN_INT_CONVERSION = YES;
				CLANG_WARN_OBJC_ROOT_CLASS = YES_ERROR;
				CLANG_WARN_UNREACHABLE_CODE = YES;
				CLANG_WARN__DUPLICATE_METHOD_MATCH = YES;
				"CODE_SIGN_IDENTITY[sdk=iphoneos*]" = "iPhone Developer";
				COPY_PHASE_STRIP = NO;
				DEBUG_INFORMATION_FORMAT = "dwarf-with-dsym";
				ENABLE_NS_ASSERTIONS = NO;
				ENABLE_STRICT_OBJC_MSGSEND = YES;
				GCC_C_LANGUAGE_STANDARD = gnu99;
				GCC_NO_COMMON_BLOCKS = YES;
				GCC_WARN_64_TO_32_BIT_CONVERSION = YES;
				GCC_WARN_ABOUT_RETURN_TYPE = YES_ERROR;
				GCC_WARN_UNDECLARED_SELECTOR = YES;
				GCC_WARN_UNINITIALIZED_AUTOS = YES_AGGRESSIVE;
				GCC_WARN_UNUSED_FUNCTION = YES;
				GCC_WARN_UNUSED_VARIABLE = YES;
				IPHONEOS_DEPLOYMENT_TARGET = 9.3;
				MTL_ENABLE_DEBUG_INFO = NO;
				SDKROOT = iphoneos;
				VALIDATE_PRODUCT = YES;
			};
			name = Release;
		};
		4384ED4A1CB8E00C002BF4E6 /* Debug */ = {
			isa = XCBuildConfiguration;
			baseConfigurationReference = EC6D520A04517972FA91EAA3 /* Pods.debug.xcconfig */;
			buildSettings = {
				ASSETCATALOG_COMPILER_APPICON_NAME = AppIcon;
				INFOPLIST_FILE = Screaminder/Info.plist;
				LD_RUNPATH_SEARCH_PATHS = "$(inherited) @executable_path/Frameworks";
				PRODUCT_BUNDLE_IDENTIFIER = com.screaminder.Screaminder;
				PRODUCT_NAME = "$(TARGET_NAME)";
			};
			name = Debug;
		};
		4384ED4B1CB8E00C002BF4E6 /* Release */ = {
			isa = XCBuildConfiguration;
			baseConfigurationReference = D6B32835CB891DF395B48DDE /* Pods.release.xcconfig */;
			buildSettings = {
				ASSETCATALOG_COMPILER_APPICON_NAME = AppIcon;
				INFOPLIST_FILE = Screaminder/Info.plist;
				LD_RUNPATH_SEARCH_PATHS = "$(inherited) @executable_path/Frameworks";
				PRODUCT_BUNDLE_IDENTIFIER = com.screaminder.Screaminder;
				PRODUCT_NAME = "$(TARGET_NAME)";
			};
			name = Release;
		};
/* End XCBuildConfiguration section */

/* Begin XCConfigurationList section */
		4384ED321CB8E00C002BF4E6 /* Build configuration list for PBXProject "Screaminder" */ = {
			isa = XCConfigurationList;
			buildConfigurations = (
				4384ED471CB8E00C002BF4E6 /* Debug */,
				4384ED481CB8E00C002BF4E6 /* Release */,
			);
			defaultConfigurationIsVisible = 0;
			defaultConfigurationName = Release;
		};
		4384ED491CB8E00C002BF4E6 /* Build configuration list for PBXNativeTarget "Screaminder" */ = {
			isa = XCConfigurationList;
			buildConfigurations = (
				4384ED4A1CB8E00C002BF4E6 /* Debug */,
				4384ED4B1CB8E00C002BF4E6 /* Release */,
			);
			defaultConfigurationIsVisible = 0;
			defaultConfigurationName = Release;
		};
/* End XCConfigurationList section */
	};
	rootObject = 4384ED2F1CB8E00C002BF4E6 /* Project object */;
}
